
Microsoft Visual Studio Solution File, Format Version 12.00
# Visual Studio Version 17
VisualStudioVersion = 17.1.32421.90
MinimumVisualStudioVersion = 10.0.40219.1
Project("{FAE04EC0-301F-11D3-BF4B-00C04F79EFBC}") = "Recursive_Functions", "Recursive_Functions.csproj", "{4EBD101C-306E-4115-BA5A-2F4F3AFB0F01}"
EndProject
Global
	GlobalSection(SolutionConfigurationPlatforms) = preSolution
		Debug|Any CPU = Debug|Any CPU
		Release|Any CPU = Release|Any CPU
	EndGlobalSection
	GlobalSection(ProjectConfigurationPlatforms) = postSolution
		{4EBD101C-306E-4115-BA5A-2F4F3AFB0F01}.Debug|Any CPU.ActiveCfg = Debug|Any CPU
		{4EBD101C-306E-4115-BA5A-2F4F3AFB0F01}.Debug|Any CPU.Build.0 = Debug|Any CPU
		{4EBD101C-306E-4115-BA5A-2F4F3AFB0F01}.Release|Any CPU.ActiveCfg = Release|Any CPU
		{4EBD101C-306E-4115-BA5A-2F4F3AFB0F01}.Release|Any CPU.Build.0 = Release|Any CPU
	EndGlobalSection
	GlobalSection(SolutionProperties) = preSolution
		HideSolutionNode = FALSE
	EndGlobalSection
	GlobalSection(ExtensibilityGlobals) = postSolution
		SolutionGuid = {35E2ECB0-35E8-41D5-BA08-652372E067BB}
	EndGlobalSection
EndGlobal
